
Microsoft Visual Studio Solution File, Format Version 12.00
# Visual Studio Version 16
VisualStudioVersion = 16.0.29201.188
MinimumVisualStudioVersion = 10.0.40219.1
Project("{FAE04EC0-301F-11D3-BF4B-00C04F79EFBC}") = "Ruido", "Ruido\Ruido.csproj", "{0780BD4C-0831-4704-BB90-01A9BACFCF4D}"
EndProject
Global
	GlobalSection(SolutionConfigurationPlatforms) = preSolution
		Debug|Any CPU = Debug|Any CPU
		Release|Any CPU = Release|Any CPU
	EndGlobalSection
	GlobalSection(ProjectConfigurationPlatforms) = postSolution
		{0780BD4C-0831-4704-BB90-01A9BACFCF4D}.Debug|Any CPU.ActiveCfg = Debug|Any CPU
		{0780BD4C-0831-4704-BB90-01A9BACFCF4D}.Debug|Any CPU.Build.0 = Debug|Any CPU
		{0780BD4C-0831-4704-BB90-01A9BACFCF4D}.Release|Any CPU.ActiveCfg = Release|Any CPU
		{0780BD4C-0831-4704-BB90-01A9BACFCF4D}.Release|Any CPU.Build.0 = Release|Any CPU
	EndGlobalSection
	GlobalSection(SolutionProperties) = preSolution
		HideSolutionNode = FALSE
	EndGlobalSection
	GlobalSection(ExtensibilityGlobals) = postSolution
		SolutionGuid = {C2DFF26E-1ADB-4F4E-BA8B-378428A9A71A}
	EndGlobalSection
EndGlobal
